GIT
  remote: https://github.com/alexskr/ontoportal_testkit.git
  revision: 33f52810bdb576c25922fb739dea49507cf362a6
  branch: main
  specs:
    ontoportal_testkit (0.1.0)
      rake (>= 13.0)

GIT
  remote: https://github.com/ncbo/goo.git
<<<<<<< HEAD
  revision: 90365864f67a9458011f16e1b9f44a73af0d3739
  branch: development
=======
  revision: ee72f43daa37f02362da1b747f037c442cfbf112
  branch: main
>>>>>>> 7da8276a (Gemfile update)
  specs:
    goo (0.0.2)
      addressable (~> 2.8)
      pry
      rdf
      rdf-raptor
      rdf-rdfxml
      rdf-vocab
      redis
      rest-client
      rsolr
      sparql-client
      uuid

GIT
  remote: https://github.com/ncbo/sparql-client.git
  revision: 2ac20b217bb7ad2b11305befe0ee77d75e44eac5
  branch: main
  specs:
    sparql-client (3.2.2)
      net-http-persistent (~> 4.0, >= 4.0.2)
      rdf (~> 3.2, >= 3.2.11)

PATH
  remote: .
  specs:
    ontologies_linked_data (0.0.1)
      activesupport
      bcrypt
      down (~> 5.0)
      goo
      json
      libxml-ruby
      multi_json
      net-ftp
      oj
      omni_logger
      pony
      rack
      rack-test
      rsolr
      rubyzip (~> 3.0)

GEM
  remote: https://rubygems.org/
  specs:
    activesupport (8.1.3)
      base64
      bigdecimal
      concurrent-ruby (~> 1.0, >= 1.3.1)
      connection_pool (>= 2.2.5)
      drb
      i18n (>= 1.6, < 2)
      json
      logger (>= 1.4.2)
      minitest (>= 5.1)
      securerandom (>= 0.3)
      tzinfo (~> 2.0, >= 2.0.5)
      uri (>= 0.13.1)
    addressable (2.9.0)
      public_suffix (>= 2.0.2, < 8.0)
    ansi (1.6.0)
    ast (2.4.3)
    base64 (0.3.0)
    bcp47_spec (0.2.1)
    bcrypt (3.1.22)
    bigdecimal (3.3.1)
    builder (3.3.0)
    childprocess (5.1.0)
      logger (~> 1.5)
    coderay (1.1.3)
    concurrent-ruby (1.3.6)
    connection_pool (3.0.2)
    crack (1.0.1)
      bigdecimal
      rexml
    daemons (1.4.1)
    date (3.5.1)
    docile (1.4.1)
    domain_name (0.6.20240107)
    down (5.6.0)
      addressable (~> 2.8)
      base64 (~> 0.3)
    drb (2.2.3)
    email_spec (2.3.1)
      htmlentities (~> 4.3)
      launchy (>= 2.1, < 4.0)
      mail (~> 2.7)
    eventmachine (1.2.7)
    faraday (2.14.1)
      faraday-net_http (>= 2.0, < 3.5)
      json
      logger
    faraday-net_http (3.4.2)
      net-http (~> 0.5)
    ffi (1.17.4-aarch64-linux-gnu)
    ffi (1.17.4-arm64-darwin)
    ffi (1.17.4-x86_64-darwin)
    ffi (1.17.4-x86_64-linux-gnu)
    hashdiff (1.2.1)
    htmlentities (4.4.2)
    http-accept (1.7.0)
    http-cookie (1.1.6)
      domain_name (~> 0.5)
    i18n (1.14.8)
      concurrent-ruby (~> 1.0)
    io-console (0.8.2)
    json (2.19.4)
    json-canonicalization (0.4.0)
    json-ld (3.2.5)
      htmlentities (~> 4.3)
      json-canonicalization (~> 0.3, >= 0.3.2)
      link_header (~> 0.0, >= 0.0.8)
      multi_json (~> 1.15)
      rack (>= 2.2, < 4)
      rdf (~> 3.2, >= 3.2.10)
    jwt (3.1.2)
      base64
    language_server-protocol (3.17.0.5)
    launchy (3.1.1)
      addressable (~> 2.8)
      childprocess (~> 5.0)
      logger (~> 1.6)
    libxml-ruby (6.0.0)
    link_header (0.0.8)
    lint_roller (1.1.0)
    logger (1.7.0)
    macaddr (1.7.2)
      systemu (~> 2.6.5)
    mail (2.9.0)
      logger
      mini_mime (>= 0.1.1)
      net-imap
      net-pop
      net-smtp
    method_source (1.1.0)
    mime-types (3.7.0)
      logger
      mime-types-data (~> 3.2025, >= 3.2025.0507)
    mime-types-data (3.2026.0414)
    mini_mime (1.1.5)
    minitest (6.0.5)
      drb (~> 2.0)
      prism (~> 1.5)
    minitest-reporters (1.8.0)
      ansi
      builder
      minitest (>= 5.0, < 7)
      ruby-progressbar
    mocha (2.8.2)
      ruby2_keywords (>= 0.0.5)
    mock_redis (0.53.0)
      redis (~> 5)
    multi_json (1.20.1)
    net-ftp (0.3.9)
      net-protocol
      time
    net-http (0.9.1)
      uri (>= 0.11.1)
    net-http-persistent (4.0.8)
      connection_pool (>= 2.2.4, < 4)
    net-imap (0.4.24)
      date
      net-protocol
    net-pop (0.1.2)
      net-protocol
    net-protocol (0.2.2)
      timeout
    net-smtp (0.5.1)
      net-protocol
    netrc (0.11.0)
    oj (3.17.0)
      bigdecimal (>= 3.0)
      ostruct (>= 0.2)
    omni_logger (0.1.4)
      logger
    ostruct (0.6.3)
    parallel (1.28.0)
    parser (3.3.11.1)
      ast (~> 2.4.1)
      racc
    pony (1.13.1)
      mail (>= 2.0)
    prism (1.9.0)
    pry (0.16.0)
      coderay (~> 1.1)
      method_source (~> 1.0)
      reline (>= 0.6.0)
    public_suffix (5.1.1)
    racc (1.8.1)
    rack (2.2.23)
    rack-test (0.8.3)
      rack (>= 1.0, < 3)
    rainbow (3.1.1)
    rake (13.4.2)
    rdf (3.3.4)
      bcp47_spec (~> 0.2)
      bigdecimal (~> 3.1, >= 3.1.5)
      link_header (~> 0.0, >= 0.0.8)
      logger (~> 1.5)
      ostruct (~> 0.6)
      readline (~> 0.0)
    rdf-raptor (3.2.0)
      ffi (~> 1.15)
      rdf (~> 3.2)
    rdf-rdfxml (3.3.0)
      builder (~> 3.2, >= 3.2.4)
      htmlentities (~> 4.3)
      rdf (~> 3.3)
      rdf-xsd (~> 3.3)
    rdf-vocab (3.3.3)
      rdf (~> 3.3)
    rdf-xsd (3.3.0)
      rdf (~> 3.3)
      rexml (~> 3.2)
    readline (0.0.4)
      reline
    redis (5.4.1)
      redis-client (>= 0.22.0)
    redis-client (0.28.0)
      connection_pool
    regexp_parser (2.12.0)
    reline (0.6.3)
      io-console (~> 0.5)
    request_store (1.7.0)
      rack (>= 1.4)
    rest-client (2.1.0)
      http-accept (>= 1.7.0, < 2.0)
      http-cookie (>= 1.0.2, < 2.0)
      mime-types (>= 1.16, < 4.0)
      netrc (~> 0.8)
    rexml (3.4.4)
    rsolr (2.6.0)
      builder (>= 2.1.2)
      faraday (>= 0.9, < 3, != 2.0.0)
    rubocop (1.86.1)
      json (~> 2.3)
      language_server-protocol (~> 3.17.0.2)
      lint_roller (~> 1.1.0)
      parallel (>= 1.10)
      parser (>= 3.3.0.2)
      rainbow (>= 2.2.2, < 4.0)
      regexp_parser (>= 2.9.3, < 3.0)
      rubocop-ast (>= 1.49.0, < 2.0)
      ruby-progressbar (~> 1.7)
      unicode-display_width (>= 2.4.0, < 4.0)
    rubocop-ast (1.49.1)
      parser (>= 3.3.7.2)
      prism (~> 1.7)
    ruby-progressbar (1.13.0)
    ruby2_keywords (0.0.5)
    rubyzip (3.2.2)
    securerandom (0.4.1)
    simplecov (0.22.0)
      docile (~> 1.1)
      simplecov-html (~> 0.11)
      simplecov_json_formatter (~> 0.1)
    simplecov-cobertura (3.1.0)
      rexml
      simplecov (~> 0.19)
    simplecov-html (0.13.2)
    simplecov_json_formatter (0.1.4)
    systemu (2.6.5)
    thin (1.8.2)
      daemons (~> 1.0, >= 1.0.9)
      eventmachine (~> 1.0, >= 1.0.4)
      rack (>= 1, < 3)
    time (0.4.2)
      date
    timeout (0.6.1)
    tzinfo (2.0.6)
      concurrent-ruby (~> 1.0)
    unicode-display_width (3.2.0)
      unicode-emoji (~> 4.1)
    unicode-emoji (4.2.0)
    uri (1.1.1)
    uuid (2.3.9)
      macaddr (~> 1.0)
    webmock (3.26.2)
      addressable (>= 2.8.0)
      crack (>= 0.3.2)
      hashdiff (>= 0.4.0, < 2.0.0)

PLATFORMS
  aarch64-linux-gnu
  arm64-darwin
  x86_64-darwin
  x86_64-linux-gnu

DEPENDENCIES
  activesupport
  addressable (~> 2.8)
  bcrypt (~> 3.0)
  email_spec
  ffi
  goo!
  json-ld (~> 3.2.0)
  jwt
  libxml-ruby
  minitest
  minitest-reporters
  mocha (~> 2.7)
  mock_redis (~> 0.5)
  multi_json (~> 1.0)
  net-imap (~> 0.4.18)
  oj (~> 3.0)
  omni_logger
  ontologies_linked_data!
  ontoportal_testkit!
  pony
  pry
  public_suffix (~> 5.1.1)
  rack
  rack-test (~> 0.6)
  rake
  request_store
  rest-client
  rsolr
  rubocop
  simplecov
  simplecov-cobertura
  sparql-client!
  thin (~> 1.8.2)
  webmock

CHECKSUMS
  activesupport (8.1.3) sha256=21a5e0dfbd4c3ddd9e1317ec6a4d782fa226e7867dc70b0743acda81a1dca20e
  addressable (2.9.0) sha256=7fdf6ac3660f7f4e867a0838be3f6cf722ace541dd97767fa42bc6cfa980c7af
  ansi (1.6.0) sha256=ac9ea0c0ea8d32fb4e271348e609963ac78882f34b73836c2a02b3622e666658
  ast (2.4.3) sha256=954615157c1d6a382bc27d690d973195e79db7f55e9765ac7c481c60bdb4d383
  base64 (0.3.0) sha256=27337aeabad6ffae05c265c450490628ef3ebd4b67be58257393227588f5a97b
  bcp47_spec (0.2.1) sha256=3fd62edf96c126bd9624e4319ac74082a966081859d1ee0ef3c3041640a37810
  bcrypt (3.1.22) sha256=1f0072e88c2d705d94aff7f2c5cb02eb3f1ec4b8368671e19112527489f29032
  bigdecimal (3.3.1) sha256=eaa01e228be54c4f9f53bf3cc34fe3d5e845c31963e7fcc5bedb05a4e7d52218
  builder (3.3.0) sha256=497918d2f9dca528fdca4b88d84e4ef4387256d984b8154e9d5d3fe5a9c8835f
  childprocess (5.1.0) sha256=9a8d484be2fd4096a0e90a0cd3e449a05bc3aa33f8ac9e4d6dcef6ac1455b6ec
  coderay (1.1.3) sha256=dc530018a4684512f8f38143cd2a096c9f02a1fc2459edcfe534787a7fc77d4b
  concurrent-ruby (1.3.6) sha256=6b56837e1e7e5292f9864f34b69c5a2cbc75c0cf5338f1ce9903d10fa762d5ab
  connection_pool (3.0.2) sha256=33fff5ba71a12d2aa26cb72b1db8bba2a1a01823559fb01d29eb74c286e62e0a
  crack (1.0.1) sha256=ff4a10390cd31d66440b7524eb1841874db86201d5b70032028553130b6d4c7e
  daemons (1.4.1) sha256=8fc76d76faec669feb5e455d72f35bd4c46dc6735e28c420afb822fac1fa9a1d
  date (3.5.1) sha256=750d06384d7b9c15d562c76291407d89e368dda4d4fff957eb94962d325a0dc0
  docile (1.4.1) sha256=96159be799bfa73cdb721b840e9802126e4e03dfc26863db73647204c727f21e
  domain_name (0.6.20240107) sha256=5f693b2215708476517479bf2b3802e49068ad82167bcd2286f899536a17d933
  down (5.6.0) sha256=48ec6ddb078cbf3b425d02596bb388303316f976143c6e94a7b3169d6712b593
  drb (2.2.3) sha256=0b00d6fdb50995fe4a45dea13663493c841112e4068656854646f418fda13373
  email_spec (2.3.1) sha256=5e8891319427fd6de0f3883dffe3c2ac4f5434359a33ed9c48e6d68e9f712f1b
  eventmachine (1.2.7) sha256=994016e42aa041477ba9cff45cbe50de2047f25dd418eba003e84f0d16560972
  faraday (2.14.1) sha256=a43cceedc1e39d188f4d2cdd360a8aaa6a11da0c407052e426ba8d3fb42ef61c
  faraday-net_http (3.4.2) sha256=f147758260d3526939bf57ecf911682f94926a3666502e24c69992765875906c
  ffi (1.17.4-aarch64-linux-gnu) sha256=b208f06f91ffd8f5e1193da3cae3d2ccfc27fc36fba577baf698d26d91c080df
  ffi (1.17.4-arm64-darwin) sha256=19071aaf1419251b0a46852abf960e77330a3b334d13a4ab51d58b31a937001b
  ffi (1.17.4-x86_64-darwin) sha256=aa70390523cf3235096cf64962b709b4cfbd5c082a2cb2ae714eb0fe2ccda496
  ffi (1.17.4-x86_64-linux-gnu) sha256=9d3db14c2eae074b382fa9c083fe95aec6e0a1451da249eab096c34002bc752d
  goo (0.0.2)
  hashdiff (1.2.1) sha256=9c079dbc513dfc8833ab59c0c2d8f230fa28499cc5efb4b8dd276cf931457cd1
  htmlentities (4.4.2) sha256=bbafbdf69f2eca9262be4efef7e43e6a1de54c95eb600f26984f71d2fe96c5c3
  http-accept (1.7.0) sha256=c626860682bfbb3b46462f8c39cd470fd7b0584f61b3cc9df5b2e9eb9972a126
  http-cookie (1.1.6) sha256=ba4b82be64de61dc281243dac70e3c382c45142f20268ed9276a3670c93feaa9
  i18n (1.14.8) sha256=285778639134865c5e0f6269e0b818256017e8cde89993fdfcbfb64d088824a5
  io-console (0.8.2) sha256=d6e3ae7a7cc7574f4b8893b4fca2162e57a825b223a177b7afa236c5ef9814cc
  json (2.19.4) sha256=670a7d333fb3b18ca5b29cb255eb7bef099e40d88c02c80bd42a3f30fe5239ac
  json-canonicalization (0.4.0) sha256=73ea88b68f210d1a09c2116d4cd1ff5a39684c6a409f7ccac70d5b1a426a8bef
  json-ld (3.2.5) sha256=98b96f1831b0fe9c7d2568a7d43b64f6b8c3f5892d55ccf91640e32a99c273fc
  jwt (3.1.2) sha256=af6991f19a6bb4060d618d9add7a66f0eeb005ac0bc017cd01f63b42e122d535
  language_server-protocol (3.17.0.5) sha256=fd1e39a51a28bf3eec959379985a72e296e9f9acfce46f6a79d31ca8760803cc
  launchy (3.1.1) sha256=72b847b5cc961589dde2c395af0108c86ff0119f42d4648d25b5440ebb10059e
  libxml-ruby (6.0.0) sha256=a9d9458d018dee591d0995fdc1110cd67ec32b7be67d36fdb9e0b01a4ca9dac4
  link_header (0.0.8) sha256=15c65ce43b29f739b30d05e5f25c22c23797e89cf6f905dbb595fb4c70cb55f9
  lint_roller (1.1.0) sha256=2c0c845b632a7d172cb849cc90c1bce937a28c5c8ccccb50dfd46a485003cc87
  logger (1.7.0) sha256=196edec7cc44b66cfb40f9755ce11b392f21f7967696af15d274dde7edff0203
  macaddr (1.7.2) sha256=da377809968bbc1160bf02a999e916bb3255000007291d9d1a49a93ceedadf82
  mail (2.9.0) sha256=6fa6673ecd71c60c2d996260f9ee3dd387d4673b8169b502134659ece6d34941
  method_source (1.1.0) sha256=181301c9c45b731b4769bc81e8860e72f9161ad7d66dd99103c9ab84f560f5c5
  mime-types (3.7.0) sha256=dcebf61c246f08e15a4de34e386ebe8233791e868564a470c3fe77c00eed5e56
  mime-types-data (3.2026.0414) sha256=461c4c655373a44bd6c5fe54bcf5b7776026ea96e808144b1ec465c4b99148cc
  mini_mime (1.1.5) sha256=8681b7e2e4215f2a159f9400b5816d85e9d8c6c6b491e96a12797e798f8bccef
  minitest (6.0.5) sha256=f007d7246bf4feea549502842cd7c6aba8851cdc9c90ba06de9c476c0d01155c
  minitest-reporters (1.8.0) sha256=8ce5280fb73ad3178ae525454df169b6f28c1b38b1d088ea91815d3a370ba384
  mocha (2.8.2) sha256=1f77e729db47e72b4ef776461ce20caeec2572ffdf23365b0a03608fee8f4eee
  mock_redis (0.53.0) sha256=11319e134b2905a7bb33464db696587bbcd5f5a1d8fbd2237f464d29e8b1cf6a
  multi_json (1.20.1) sha256=2f3934e805cc45ef91b551a1f89d0e9191abd06a5e04a2ef09a6a036c452ca6d
  net-ftp (0.3.9) sha256=307817ccf7f428f79d083f7e36dbb46a9d1d375e0d23027824de1866f0b13b65
  net-http (0.9.1) sha256=25ba0b67c63e89df626ed8fac771d0ad24ad151a858af2cc8e6a716ca4336996
  net-http-persistent (4.0.8) sha256=ef3de8319d691537b329053fae3a33195f8b070bbbfae8bf1a58c796081960e6
  net-imap (0.4.24) sha256=88289db8fd3f08aa8c661137810118e58fe309829e815e2ea8f3650662a6501b
  net-pop (0.1.2) sha256=848b4e982013c15b2f0382792268763b748cce91c9e91e36b0f27ed26420dff3
  net-protocol (0.2.2) sha256=aa73e0cba6a125369de9837b8d8ef82a61849360eba0521900e2c3713aa162a8
  net-smtp (0.5.1) sha256=ed96a0af63c524fceb4b29b0d352195c30d82dd916a42f03c62a3a70e5b70736
  netrc (0.11.0) sha256=de1ce33da8c99ab1d97871726cba75151113f117146becbe45aa85cb3dabee3f
  oj (3.17.0) sha256=5684b2127fb70e650fae90df521b91336ff8e55e2e1011ed80eb0283beac5360
  omni_logger (0.1.4) sha256=b61596f7d96aa8426929e46c3500558d33e838e1afd7f4735244feb4d082bb3e
  ontologies_linked_data (0.0.1)
  ontoportal_testkit (0.1.0)
  ostruct (0.6.3) sha256=95a2ed4a4bd1d190784e666b47b2d3f078e4a9efda2fccf18f84ddc6538ed912
  parallel (1.28.0) sha256=33e6de1484baf2524792d178b0913fc8eb94c628d6cfe45599ad4458c638c970
  parser (3.3.11.1) sha256=d17ace7aabe3e72c3cc94043714be27cc6f852f104d81aa284c2281aecc65d54
  pony (1.13.1) sha256=ab507c8ade8b35de96f1e75c0ae4566a3c40ac8a0d5101433969b6fd29c718a7
  prism (1.9.0) sha256=7b530c6a9f92c24300014919c9dcbc055bf4cdf51ec30aed099b06cd6674ef85
  pry (0.16.0) sha256=d76c69065698ed1f85e717bd33d7942c38a50868f6b0673c636192b3d1b6054e
  public_suffix (5.1.1) sha256=250ec74630d735194c797491c85e3c6a141d7b5d9bd0b66a3fa6268cf67066ed
  racc (1.8.1) sha256=4a7f6929691dbec8b5209a0b373bc2614882b55fc5d2e447a21aaa691303d62f
  rack (2.2.23) sha256=a8fe9d7e07064770b8ec123663fded8a59ef7e2b6db5cda7173d45a5718ab69c
  rack-test (0.8.3) sha256=2fec9a98d366017788dbcddb60430d58c4fec9733d6a695c8a216fee7f1a3292
  rainbow (3.1.1) sha256=039491aa3a89f42efa1d6dec2fc4e62ede96eb6acd95e52f1ad581182b79bc6a
  rake (13.4.2) sha256=cb825b2bd5f1f8e91ca37bddb4b9aaf345551b4731da62949be002fa89283701
  rdf (3.3.4) sha256=a77fa0821e5b4e2bea9fdbb7c9d980564c89d27e81979690ce5c9e6bc80859c1
  rdf-raptor (3.2.0) sha256=43033ca3992b7dbefd5c2464997bd85bdd06961432db94645d4436ffd43bf405
  rdf-rdfxml (3.3.0) sha256=11647f6111b97b6a9b82413bd9810d4bb5524aa7dd06b3c1330bf58ec3aa6a9a
  rdf-vocab (3.3.3) sha256=d3b642edb37be7b37b73cafa9e01d55762f99292838e7b0868a3575bd297bf8b
  rdf-xsd (3.3.0) sha256=fab51d27b20344237d9b622ef32e83e4c44940840bfc76a245ce6b6abba44772
  readline (0.0.4) sha256=6138eef17be2b98298b672c3ea63bf9cb5158d401324f26e1e84f235879c1d6a
  redis (5.4.1) sha256=b5e675b57ad22b15c9bcc765d5ac26f60b675408af916d31527af9bd5a81faae
  redis-client (0.28.0) sha256=888892f9cd8787a41c0ece00bdf5f556dfff7770326ce40bb2bc11f1bfec824b
  regexp_parser (2.12.0) sha256=35a916a1d63190ab5c9009457136ae5f3c0c7512d60291d0d1378ba18ce08ebb
  reline (0.6.3) sha256=1198b04973565b36ec0f11542ab3f5cfeeec34823f4e54cebde90968092b1835
  request_store (1.7.0) sha256=e1b75d5346a315f452242a68c937ef8e48b215b9453a77a6c0acdca2934c88cb
  rest-client (2.1.0) sha256=35a6400bdb14fae28596618e312776c158f7ebbb0ccad752ff4fa142bf2747e3
  rexml (3.4.4) sha256=19e0a2c3425dfbf2d4fc1189747bdb2f849b6c5e74180401b15734bc97b5d142
  rsolr (2.6.0) sha256=4b3bcea772cac300562775c20eeddedf63a6b7516a070cb6fbde000b09cfe12b
  rubocop (1.86.1) sha256=44415f3f01d01a21e01132248d2fd0867572475b566ca188a0a42133a08d4531
  rubocop-ast (1.49.1) sha256=4412f3ee70f6fe4546cc489548e0f6fcf76cafcfa80fa03af67098ffed755035
  ruby-progressbar (1.13.0) sha256=80fc9c47a9b640d6834e0dc7b3c94c9df37f08cb072b7761e4a71e22cff29b33
  ruby2_keywords (0.0.5) sha256=ffd13740c573b7301cf7a2e61fc857b2a8e3d3aff32545d6f8300d8bae10e3ef
  rubyzip (3.2.2) sha256=c0ed99385f0625415c8f05bcae33fe649ed2952894a95ff8b08f26ca57ea5b3c
  securerandom (0.4.1) sha256=cc5193d414a4341b6e225f0cb4446aceca8e50d5e1888743fac16987638ea0b1
  simplecov (0.22.0) sha256=fe2622c7834ff23b98066bb0a854284b2729a569ac659f82621fc22ef36213a5
  simplecov-cobertura (3.1.0) sha256=6d7f38aa32c965ca2174b2e5bd88cb17138eaf629518854976ac50e628925dc5
  simplecov-html (0.13.2) sha256=bd0b8e54e7c2d7685927e8d6286466359b6f16b18cb0df47b508e8d73c777246
  simplecov_json_formatter (0.1.4) sha256=529418fbe8de1713ac2b2d612aa3daa56d316975d307244399fa4838c601b428
  sparql-client (3.2.2)
  systemu (2.6.5) sha256=01f7d014b1453b28e5781e15c4d7d63fc9221c29b174b7aae5253207a75ab33e
  thin (1.8.2) sha256=1c55251aba5bee7cf6936ea18b048f4d3c74ef810aa5e6906cf6edff0df6e121
  time (0.4.2) sha256=f324e498c3bde9471d45a7d18f874c27980e9867aa5cfca61bebf52262bc3dab
  timeout (0.6.1) sha256=78f57368a7e7bbadec56971f78a3f5ecbcfb59b7fcbb0a3ed6ddc08a5094accb
  tzinfo (2.0.6) sha256=8daf828cc77bcf7d63b0e3bdb6caa47e2272dcfaf4fbfe46f8c3a9df087a829b
  unicode-display_width (3.2.0) sha256=0cdd96b5681a5949cdbc2c55e7b420facae74c4aaf9a9815eee1087cb1853c42
  unicode-emoji (4.2.0) sha256=519e69150f75652e40bf736106cfbc8f0f73aa3fb6a65afe62fefa7f80b0f80f
  uri (1.1.1) sha256=379fa58d27ffb1387eaada68c749d1426738bd0f654d812fcc07e7568f5c57c6
  uuid (2.3.9) sha256=aec0cf592053cd6e07c13c1ef94c440aba705f22eb1ee767b39631f2760124d7
  webmock (3.26.2) sha256=774556f2ea6371846cca68c01769b2eac0d134492d21f6d0ab5dd643965a4c90

BUNDLED WITH
  4.0.7
